// !$*UTF8*$!
{
	archiveVersion = 1;
	classes = {
	};
	objectVersion = 46;
	objects = {

/* Begin PBXBuildFile section */
		45DEF06913A17FE3002E95B9 /* CDataScanner.m in Sources */ = {isa = PBXBuildFile; fileRef = 45DEF05213A17FE3002E95B9 /* CDataScanner.m */; };
		45DEF06A13A17FE3002E95B9 /* CFilteringJSONSerializer.m in Sources */ = {isa = PBXBuildFile; fileRef = 45DEF05513A17FE3002E95B9 /* CFilteringJSONSerializer.m */; };
		45DEF06B13A17FE3002E95B9 /* CJSONDeserializer_BlocksExtensions.m in Sources */ = {isa = PBXBuildFile; fileRef = 45DEF05713A17FE3002E95B9 /* CJSONDeserializer_BlocksExtensions.m */; };
		45DEF06C13A17FE3002E95B9 /* CJSONSerialization.m in Sources */ = {isa = PBXBuildFile; fileRef = 45DEF05913A17FE3002E95B9 /* CJSONSerialization.m */; };
		45DEF06D13A17FE3002E95B9 /* CJSONSerializedData.m in Sources */ = {isa = PBXBuildFile; fileRef = 45DEF05B13A17FE3002E95B9 /* CJSONSerializedData.m */; };
		45DEF06E13A17FE3002E95B9 /* CDataScanner_Extensions.m in Sources */ = {isa = PBXBuildFile; fileRef = 45DEF05E13A17FE3002E95B9 /* CDataScanner_Extensions.m */; };
		45DEF06F13A17FE3002E95B9 /* NSDictionary_JSONExtensions.m in Sources */ = {isa = PBXBuildFile; fileRef = 45DEF06013A17FE3002E95B9 /* NSDictionary_JSONExtensions.m */; };
		45DEF07013A17FE3002E95B9 /* CJSONDeserializer.m in Sources */ = {isa = PBXBuildFile; fileRef = 45DEF06313A17FE3002E95B9 /* CJSONDeserializer.m */; };
		45DEF07113A17FE3002E95B9 /* CJSONScanner.m in Sources */ = {isa = PBXBuildFile; fileRef = 45DEF06513A17FE3002E95B9 /* CJSONScanner.m */; };
		45DEF07213A17FE3002E95B9 /* CJSONSerializer.m in Sources */ = {isa = PBXBuildFile; fileRef = 45DEF06713A17FE3002E95B9 /* CJSONSerializer.m */; };
		8DD76F9A0486AA7600D96B5E /* TouchJSONBenchmark.m in Sources */ = {isa = PBXBuildFile; fileRef = 08FB7796FE84155DC02AAC07 /* TouchJSONBenchmark.m */; settings = {ATTRIBUTES = (); }; };
		8DD76F9C0486AA7600D96B5E /* Foundation.framework in Frameworks */ = {isa = PBXBuildFile; fileRef = 08FB779EFE84155DC02AAC07 /* Foundation.framework */; };
/* End PBXBuildFile section */

/* Begin PBXCopyFilesBuildPhase section */
		8DD76F9E0486AA7600D96B5E /* CopyFiles */ = {
			isa = PBXCopyFilesBuildPhase;
			buildActionMask = 8;
			dstPath = /usr/share/man/man1/;
			dstSubfolderSpec = 0;
			files = (
			);
			runOnlyForDeploymentPostprocessing = 1;
		};
/* End PBXCopyFilesBuildPhase section */

/* Begin PBXFileReference section */
		08FB7796FE84155DC02AAC07 /* TouchJSONBenchmark.m */ = {isa = PBXFileReference; fileEncoding = 4; lastKnownFileType = sourcecode.c.objc; path = TouchJSONBenchmark.m; sourceTree = "<group>"; };
		08FB779EFE84155DC02AAC07 /* Foundation.framework */ = {isa = PBXFileReference; lastKnownFileType = wrapper.framework; name = Foundation.framework; path = /System/Library/Frameworks/Foundation.framework; sourceTree = "<absolute>"; };
		32A70AAB03705E1F00C91783 /* TouchJSONBenchmark_Prefix.pch */ = {isa = PBXFileReference; fileEncoding = 4; lastKnownFileType = sourcecode.c.h; path = TouchJSONBenchmark_Prefix.pch; sourceTree = "<group>"; };
		45DEF05113A17FE3002E95B9 /* CDataScanner.h */ = {isa = PBXFileReference; fileEncoding = 4; lastKnownFileType = sourcecode.c.h; path = CDataScanner.h; sourceTree = "<group>"; };
		45DEF05213A17FE3002E95B9 /* CDataScanner.m */ = {isa = PBXFileReference; fileEncoding = 4; lastKnownFileType = sourcecode.c.objc; path = CDataScanner.m; sourceTree = "<group>"; };
		45DEF05413A17FE3002E95B9 /* CFilteringJSONSerializer.h */ = {isa = PBXFileReference; fileEncoding = 4; lastKnownFileType = sourcecode.c.h; path = CFilteringJSONSerializer.h; sourceTree = "<group>"; };
		45DEF05513A17FE3002E95B9 /* CFilteringJSONSerializer.m */ = {isa = PBXFileReference; fileEncoding = 4; lastKnownFileType = sourcecode.c.objc; path = CFilteringJSONSerializer.m; sourceTree = "<group>"; };
		45DEF05613A17FE3002E95B9 /* CJSONDeserializer_BlocksExtensions.h */ = {isa = PBXFileReference; fileEncoding = 4; lastKnownFileType = sourcecode.c.h; path = CJSONDeserializer_BlocksExtensions.h; sourceTree = "<group>"; };
		45DEF05713A17FE3002E95B9 /* CJSONDeserializer_BlocksExtensions.m */ = {isa = PBXFileReference; fileEncoding = 4; lastKnownFileType = sourcecode.c.objc; path = CJSONDeserializer_BlocksExtensions.m; sourceTree = "<group>"; };
		45DEF05813A17FE3002E95B9 /* CJSONSerialization.h */ = {isa = PBXFileReference; fileEncoding = 4; lastKnownFileType = sourcecode.c.h; path = CJSONSerialization.h; sourceTree = "<group>"; };
		45DEF05913A17FE3002E95B9 /* CJSONSerialization.m */ = {isa = PBXFileReference; fileEncoding = 4; lastKnownFileType = sourcecode.c.objc; path = CJSONSerialization.m; sourceTree = "<group>"; };
		45DEF05A13A17FE3002E95B9 /* CJSONSerializedData.h */ = {isa = PBXFileReference; fileEncoding = 4; lastKnownFileType = sourcecode.c.h; path = CJSONSerializedData.h; sourceTree = "<group>"; };
		45DEF05B13A17FE3002E95B9 /* CJSONSerializedData.m */ = {isa = PBXFileReference; fileEncoding = 4; lastKnownFileType = sourcecode.c.objc; path = CJSONSerializedData.m; sourceTree = "<group>"; };
		45DEF05D13A17FE3002E95B9 /* CDataScanner_Extensions.h */ = {isa = PBXFileReference; fileEncoding = 4; lastKnownFileType = sourcecode.c.h; path = CDataScanner_Extensions.h; sourceTree = "<group>"; };
		45DEF05E13A17FE3002E95B9 /* CDataScanner_Extensions.m */ = {isa = PBXFileReference; fileEncoding = 4; lastKnownFileType = sourcecode.c.objc; path = CDataScanner_Extensions.m; sourceTree = "<group>"; };
		45DEF05F13A17FE3002E95B9 /* NSDictionary_JSONExtensions.h */ = {isa = PBXFileReference; fileEncoding = 4; lastKnownFileType = sourcecode.c.h; path = NSDictionary_JSONExtensions.h; sourceTree = "<group>"; };
		45DEF06013A17FE3002E95B9 /* NSDictionary_JSONExtensions.m */ = {isa = PBXFileReference; fileEncoding = 4; lastKnownFileType = sourcecode.c.objc; path = NSDictionary_JSONExtensions.m; sourceTree = "<group>"; };
		45DEF06213A17FE3002E95B9 /* CJSONDeserializer.h */ = {isa = PBXFileReference; fileEncoding = 4; lastKnownFileType = sourcecode.c.h; path = CJSONDeserializer.h; sourceTree = "<group>"; };
		45DEF06313A17FE3002E95B9 /* CJSONDeserializer.m */ = {isa = PBXFileReference; fileEncoding = 4; lastKnownFileType = sourcecode.c.objc; path = CJSONDeserializer.m; sourceTree = "<group>"; };
		45DEF06413A17FE3002E95B9 /* CJSONScanner.h */ = {isa = PBXFileReference; fileEncoding = 4; lastKnownFileType = sourcecode.c.h; path = CJSONScanner.h; sourceTree = "<group>"; };
		45DEF06513A17FE3002E95B9 /* CJSONScanner.m */ = {isa = PBXFileReference; fileEncoding = 4; lastKnownFileType = sourcecode.c.objc; path = CJSONScanner.m; sourceTree = "<group>"; };
		45DEF06613A17FE3002E95B9 /* CJSONSerializer.h */ = {isa = PBXFileReference; fileEncoding = 4; lastKnownFileType = sourcecode.c.h; path = CJSONSerializer.h; sourceTree = "<group>"; };
		45DEF06713A17FE3002E95B9 /* CJSONSerializer.m */ = {isa = PBXFileReference; fileEncoding = 4; lastKnownFileType = sourcecode.c.objc; path = CJSONSerializer.m; sourceTree = "<group>"; };
		45DEF06813A17FE3002E95B9 /* JSONRepresentation.h */ = {isa = PBXFileReference; fileEncoding = 4; lastKnownFileType = sourcecode.c.h; path = JSONRepresentation.h; sourceTree = "<group>"; };
		8DD76FA10486AA7600D96B5E /* TouchJSONBenchmark */ = {isa = PBXFileReference; explicitFileType = "compiled.mach-o.executable"; includeInIndex = 0; path = TouchJSONBenchmark; sourceTree = BUILT_PRODUCTS_DIR; };
/* End PBXFileReference section */

/* Begin PBXFrameworksBuildPhase section */
		8DD76F9B0486AA7600D96B5E /* Frameworks */ = {
			isa = PBXFrameworksBuildPhase;
			buildActionMask = 2147483647;
			files = (
				8DD76F9C0486AA7600D96B5E /* Foundation.framework in Frameworks */,
			);
			runOnlyForDeploymentPostprocessing = 0;
		};
/* End PBXFrameworksBuildPhase section */

/* Begin PBXGroup section */
		08FB7794FE84155DC02AAC07 /* TouchJSONBenchmark */ = {
			isa = PBXGroup;
			children = (
				08FB7795FE84155DC02AAC07 /* Source */,
				45DEF05013A17FE3002E95B9 /* Source */,
				08FB779DFE84155DC02AAC07 /* External Frameworks and Libraries */,
				1AB674ADFE9D54B511CA2CBB /* Products */,
			);
			name = TouchJSONBenchmark;
			sourceTree = "<group>";
		};
		08FB7795FE84155DC02AAC07 /* Source */ = {
			isa = PBXGroup;
			children = (
				32A70AAB03705E1F00C91783 /* TouchJSONBenchmark_Prefix.pch */,
				08FB7796FE84155DC02AAC07 /* TouchJSONBenchmark.m */,
			);
			name = Source;
			sourceTree = "<group>";
		};
		08FB779DFE84155DC02AAC07 /* External Frameworks and Libraries */ = {
			isa = PBXGroup;
			children = (
				08FB779EFE84155DC02AAC07 /* Foundation.framework */,
			);
			name = "External Frameworks and Libraries";
			sourceTree = "<group>";
		};
		1AB674ADFE9D54B511CA2CBB /* Products */ = {
			isa = PBXGroup;
			children = (
				8DD76FA10486AA7600D96B5E /* TouchJSONBenchmark */,
			);
			name = Products;
			sourceTree = "<group>";
		};
		45DEF05013A17FE3002E95B9 /* Source */ = {
			isa = PBXGroup;
			children = (
				45DEF05113A17FE3002E95B9 /* CDataScanner.h */,
				45DEF05213A17FE3002E95B9 /* CDataScanner.m */,
				45DEF05313A17FE3002E95B9 /* Experimental */,
				45DEF05C13A17FE3002E95B9 /* Extensions */,
				45DEF06113A17FE3002E95B9 /* JSON */,
			);
			name = Source;
			path = ../../Source;
			sourceTree = "<group>";
		};
		45DEF05313A17FE3002E95B9 /* Experimental */ = {
			isa = PBXGroup;
			children = (
				45DEF05413A17FE3002E95B9 /* CFilteringJSONSerializer.h */,
				45DEF05513A17FE3002E95B9 /* CFilteringJSONSerializer.m */,
				45DEF05613A17FE3002E95B9 /* CJSONDeserializer_BlocksExtensions.h */,
				45DEF05713A17FE3002E95B9 /* CJSONDeserializer_BlocksExtensions.m */,
				45DEF05813A17FE3002E95B9 /* CJSONSerialization.h */,
				45DEF05913A17FE3002E95B9 /* CJSONSerialization.m */,
				45DEF05A13A17FE3002E95B9 /* CJSONSerializedData.h */,
				45DEF05B13A17FE3002E95B9 /* CJSONSerializedData.m */,
			);
			path = Experimental;
			sourceTree = "<group>";
		};
		45DEF05C13A17FE3002E95B9 /* Extensions */ = {
			isa = PBXGroup;
			children = (
				45DEF05D13A17FE3002E95B9 /* CDataScanner_Extensions.h */,
				45DEF05E13A17FE3002E95B9 /* CDataScanner_Extensions.m */,
				45DEF05F13A17FE3002E95B9 /* NSDictionary_JSONExtensions.h */,
				45DEF06013A17FE3002E95B9 /* NSDictionary_JSONExtensions.m */,
			);
			path = Extensions;
			sourceTree = "<group>";
		};
		45DEF06113A17FE3002E95B9 /* JSON */ = {
			isa = PBXGroup;
			children = (
				45DEF06213A17FE3002E95B9 /* CJSONDeserializer.h */,
				45DEF06313A17FE3002E95B9 /* CJSONDeserializer.m */,
				45DEF06413A17FE3002E95B9 /* CJSONScanner.h */,
				45DEF06513A17FE3002E95B9 /* CJSONScanner.m */,
				45DEF06613A17FE3002E95B9 /* CJSONSerializer.h */,
				45DEF06713A17FE3002E95B9 /* CJSONSerializer.m */,
				45DEF06813A17FE3002E95B9 /* JSONRepresentation.h */,
			);
			path = JSON;
			sourceTree = "<group>";
		};
/* End PBXGroup section */

/* Begin PBXNativeTarget section */
		8DD76F960486AA7600D96B5E /* TouchJSONBenchmark */ = {
			isa = PBXNativeTarget;
			buildConfigurationList = 1DEB927408733DD40010E9CD /* Build configuration list for PBXNativeTarget "TouchJSONBenchmark" */;
			buildPhases = (
				8DD76F990486AA7600D96B5E /* Sources */,
				8DD76F9B0486AA7600D96B5E /* Frameworks */,
				8DD76F9E0486AA7600D96B5E /* CopyFiles */,
			);
			buildRules = (
			);
			dependencies = (
			);
			name = TouchJSONBenchmark;
			productInstallPath = "$(HOME)/bin";
			productName = TouchJSONBenchmark;
			productReference = 8DD76FA10486AA7600D96B5E /* TouchJSONBenchmark */;
			productType = "com.apple.product-type.tool";
		};
/* End PBXNativeTarget section */

/* Begin PBXProject section */
		08FB7793FE84155DC02AAC07 /* Project object */ = {
			isa = PBXProject;
			attributes = {
				LastUpgradeCheck = 0420;
			};
			buildConfigurationList = 1DEB927808733DD40010E9CD /* Build configuration list for PBXProject "TouchJSONBenchmark" */;
			compatibilityVersion = "Xcode 3.2";
			developmentRegion = English;
			hasScannedForEncodings = 1;
			knownRegions = (
				English,
				Japanese,
				French,
				German,
			);
			mainGroup = 08FB7794FE84155DC02AAC07 /* TouchJSONBenchmark */;
			projectDirPath = "";
			projectRoot = "";
			targets = (
				8DD76F960486AA7600D96B5E /* TouchJSONBenchmark */,
			);
		};
/* End PBXProject section */

/* Begin PBXSourcesBuildPhase section */
		8DD76F990486AA7600D96B5E /* Sources */ = {
			isa = PBXSourcesBuildPhase;
			buildActionMask = 2147483647;
			files = (
				8DD76F9A0486AA7600D96B5E /* TouchJSONBenchmark.m in Sources */,
				45DEF06913A17FE3002E95B9 /* CDataScanner.m in Sources */,
				45DEF06A13A17FE3002E95B9 /* CFilteringJSONSerializer.m in Sources */,
				45DEF06B13A17FE3002E95B9 /* CJSONDeserializer_BlocksExtensions.m in Sources */,
				45DEF06C13A17FE3002E95B9 /* CJSONSerialization.m in Sources */,
				45DEF06D13A17FE3002E95B9 /* CJSONSerializedData.m in Sources */,
				45DEF06E13A17FE3002E95B9 /* CDataScanner_Extensions.m in Sources */,
				45DEF06F13A17FE3002E95B9 /* NSDictionary_JSONExtensions.m in Sources */,
				45DEF07013A17FE3002E95B9 /* CJSONDeserializer.m in Sources */,
				45DEF07113A17FE3002E95B9 /* CJSONScanner.m in Sources */,
				45DEF07213A17FE3002E95B9 /* CJSONSerializer.m in Sources */,
			);
			runOnlyForDeploymentPostprocessing = 0;
		};
/* End PBXSourcesBuildPhase section */

/* Begin XCBuildConfiguration section */
		1DEB927508733DD40010E9CD /* Debug */ = {
			isa = XCBuildConfiguration;
			buildSettings = {
				ALWAYS_SEARCH_USER_PATHS = NO;
				CLANG_ENABLE_OBJC_ARC = YES;
				COPY_PHASE_STRIP = NO;
				GCC_DYNAMIC_NO_PIC = NO;
				GCC_MODEL_TUNING = G5;
				GCC_OPTIMIZATION_LEVEL = 0;
				GCC_PRECOMPILE_PREFIX_HEADER = YES;
				GCC_PREFIX_HEADER = TouchJSONBenchmark_Prefix.pch;
				GCC_STRICT_ALIASING = NO;
				GCC_VERSION = com.apple.compilers.llvm.clang.1_0;
				INSTALL_PATH = /usr/local/bin;
				PRODUCT_NAME = TouchJSONBenchmark;
			};
			name = Debug;
		};
		1DEB927608733DD40010E9CD /* Release */ = {
			isa = XCBuildConfiguration;
			buildSettings = {
				ALWAYS_SEARCH_USER_PATHS = NO;
				CLANG_ENABLE_OBJC_ARC = YES;
				DEBUG_INFORMATION_FORMAT = "dwarf-with-dsym";
				GCC_MODEL_TUNING = G5;
				GCC_PRECOMPILE_PREFIX_HEADER = YES;
				GCC_PREFIX_HEADER = TouchJSONBenchmark_Prefix.pch;
				GCC_STRICT_ALIASING = YES;
				GCC_VERSION = com.apple.compilers.llvm.clang.1_0;
				INSTALL_PATH = /usr/local/bin;
				PRODUCT_NAME = TouchJSONBenchmark;
			};
			name = Release;
		};
		1DEB927908733DD40010E9CD /* Debug */ = {
			isa = XCBuildConfiguration;
			buildSettings = {
				ARCHS = "$(ARCHS_STANDARD_32_64_BIT)";
				CLANG_ENABLE_OBJC_ARC = YES;
				GCC_C_LANGUAGE_STANDARD = gnu99;
				GCC_OPTIMIZATION_LEVEL = 0;
				GCC_WARN_ABOUT_MISSING_PROTOTYPES = YES;
				GCC_WARN_ABOUT_RETURN_TYPE = YES;
				GCC_WARN_UNUSED_VARIABLE = YES;
				ONLY_ACTIVE_ARCH = YES;
				SDKROOT = macosx;
			};
			name = Debug;
		};
		1DEB927A08733DD40010E9CD /* Release */ = {
			isa = XCBuildConfiguration;
			buildSettings = {
				ARCHS = "$(ARCHS_STANDARD_32_64_BIT)";
				CLANG_ENABLE_OBJC_ARC = YES;
				GCC_C_LANGUAGE_STANDARD = gnu99;
				GCC_WARN_ABOUT_MISSING_PROTOTYPES = YES;
				GCC_WARN_ABOUT_RETURN_TYPE = YES;
				GCC_WARN_UNUSED_VARIABLE = YES;
				SDKROOT = macosx;
			};
			name = Release;
		};
/* End XCBuildConfiguration section */

/* Begin XCConfigurationList section */
		1DEB927408733DD40010E9CD /* Build configuration list for PBXNativeTarget "TouchJSONBenchmark" */ = {
			isa = XCConfigurationList;
			buildConfigurations = (
				1DEB927508733DD40010E9CD /* Debug */,
				1DEB927608733DD40010E9CD /* Release */,
			);
			defaultConfigurationIsVisible = 0;
			defaultConfigurationName = Release;
		};
		1DEB927808733DD40010E9CD /* Build configuration list for PBXProject "TouchJSONBenchmark" */ = {
			isa = XCConfigurationList;
			buildConfigurations = (
				1DEB927908733DD40010E9CD /* Debug */,
				1DEB927A08733DD40010E9CD /* Release */,
			);
			defaultConfigurationIsVisible = 0;
			defaultConfigurationName = Release;
		};
/* End XCConfigurationList section */
	};
	rootObject = 08FB7793FE84155DC02AAC07 /* Project object */;
}
